PODS:
  - NSVAnimatedTabBar (0.1.3)

DEPENDENCIES:
  - NSVAnimatedTabBar (from `../`)

EXTERNAL SOURCES:
  NSVAnimatedTabBar:
    :path: "../"

SPEC CHECKSUMS:
  NSVAnimatedTabBar: 9b6a0b367e3d7aa71093dfe3f37d76a6f9f32c71

PODFILE CHECKSUM: 691c34f94012c17295d0cd5c267afd44bfc01f16

COCOAPODS: 1.9.3
